
Microsoft Visual Studio Solution File, Format Version 12.00
# Visual Studio Version 17
VisualStudioVersion = 17.14.36301.6 d17.14
MinimumVisualStudioVersion = 10.0.40219.1
Project("{FAE04EC0-301F-11D3-BF4B-00C04F79EFBC}") = "MakeDirCopy", "MakeDirCopy.csproj", "{BE937397-3EA7-A3C4-A6CF-FD18076BF1AC}"
EndProject
Global
	GlobalSection(SolutionConfigurationPlatforms) = preSolution
		Debug|Any CPU = Debug|Any CPU
		Release|Any CPU = Release|Any CPU
	EndGlobalSection
	GlobalSection(ProjectConfigurationPlatforms) = postSolution
		{BE937397-3EA7-A3C4-A6CF-FD18076BF1AC}.Debug|Any CPU.ActiveCfg = Debug|Any CPU
		{BE937397-3EA7-A3C4-A6CF-FD18076BF1AC}.Debug|Any CPU.Build.0 = Debug|Any CPU
		{BE937397-3EA7-A3C4-A6CF-FD18076BF1AC}.Release|Any CPU.ActiveCfg = Release|Any CPU
		{BE937397-3EA7-A3C4-A6CF-FD18076BF1AC}.Release|Any CPU.Build.0 = Release|Any CPU
	EndGlobalSection
	GlobalSection(SolutionProperties) = preSolution
		HideSolutionNode = FALSE
	EndGlobalSection
	GlobalSection(ExtensibilityGlobals) = postSolution
		SolutionGuid = {41DB4BDD-7AA7-4A92-A8CE-A37F3C861E5D}
	EndGlobalSection
EndGlobal
