
Microsoft Visual Studio Solution File, Format Version 12.00
# Visual Studio Version 16
VisualStudioVersion = 16.0.32106.194
MinimumVisualStudioVersion = 10.0.40219.1
Project("{FAE04EC0-301F-11D3-BF4B-00C04F79EFBC}") = "MakeDirCopy", "MakeDirCopy.csproj", "{6420B333-FF23-4248-9C12-59A6756968B1}"
EndProject
Global
	GlobalSection(SolutionConfigurationPlatforms) = preSolution
		Debug|Any CPU = Debug|Any CPU
		Release|Any CPU = Release|Any CPU
	EndGlobalSection
	GlobalSection(ProjectConfigurationPlatforms) = postSolution
		{6420B333-FF23-4248-9C12-59A6756968B1}.Debug|Any CPU.ActiveCfg = Debug|Any CPU
		{6420B333-FF23-4248-9C12-59A6756968B1}.Debug|Any CPU.Build.0 = Debug|Any CPU
		{6420B333-FF23-4248-9C12-59A6756968B1}.Release|Any CPU.ActiveCfg = Release|Any CPU
		{6420B333-FF23-4248-9C12-59A6756968B1}.Release|Any CPU.Build.0 = Release|Any CPU
	EndGlobalSection
	GlobalSection(SolutionProperties) = preSolution
		HideSolutionNode = FALSE
	EndGlobalSection
	GlobalSection(ExtensibilityGlobals) = postSolution
		SolutionGuid = {CB7C8D34-D51E-4F55-8897-E36AF29C5AED}
	EndGlobalSection
EndGlobal
